schema: '2.0'
stages:
  train:
    cmd: python model.py
    deps:
    - path: dataset/titanic
      md5: 67ceb1689e0e53e6055b5ad397ac6b47.dir
      size: 93081
      nfiles: 3
    - path: model.py
      md5: 7ad530dfd89e85f2a924af79d1489307
      size: 5379
    outs:
    - path: models/sgd.sav
      md5: d3837d0e9f8607cfd72f4fc1a0b67e9e
      size: 1257
